// !$*UTF8*$!
{
	archiveVersion = 1;
	classes = {
	};
	objectVersion = 46;
	objects = {

/* Begin PBXBuildFile section */
		1D3623260D0F684500981E51 /* LiquorLocatorAppDelegate.m in Sources */ = {isa = PBXBuildFile; fileRef = 1D3623250D0F684500981E51 /* LiquorLocatorAppDelegate.m */; };
		1D60589B0D05DD56006BFB54 /* main.m in Sources */ = {isa = PBXBuildFile; fileRef = 29B97316FDCFA39411CA2CEA /* main.m */; };
		1D60589F0D05DD5A006BFB54 /* Foundation.framework in Frameworks */ = {isa = PBXBuildFile; fileRef = 1D30AB110D05D00D00671497 /* Foundation.framework */; };
		1DF5F4E00D08C38300B7A737 /* UIKit.framework in Frameworks */ = {isa = PBXBuildFile; fileRef = 1DF5F4DF0D08C38300B7A737 /* UIKit.framework */; };
		288765FD0DF74451002DB57D /* CoreGraphics.framework in Frameworks */ = {isa = PBXBuildFile; fileRef = 288765FC0DF74451002DB57D /* CoreGraphics.framework */; };
		28AD733F0D9D9553002E5188 /* MainWindow.xib in Resources */ = {isa = PBXBuildFile; fileRef = 28AD733E0D9D9553002E5188 /* MainWindow.xib */; };
		460A7EED120767E200F36A91 /* StoreDetailViewController.m in Sources */ = {isa = PBXBuildFile; fileRef = 460A7EEB120767E200F36A91 /* StoreDetailViewController.m */; };
		460A7EEE120767E200F36A91 /* StoreDetailView.xib in Resources */ = {isa = PBXBuildFile; fileRef = 460A7EEC120767E200F36A91 /* StoreDetailView.xib */; };
		460A7FB3120779B100F36A91 /* MapKit.framework in Frameworks */ = {isa = PBXBuildFile; fileRef = 460A7FB2120779B100F36A91 /* MapKit.framework */; };
		4628BF051202846900ECE4BE /* StoresViewController.m in Sources */ = {isa = PBXBuildFile; fileRef = 4628BF031202846900ECE4BE /* StoresViewController.m */; };
		4628BF061202846900ECE4BE /* StoresView.xib in Resources */ = {isa = PBXBuildFile; fileRef = 4628BF041202846900ECE4BE /* StoresView.xib */; };
		4628BF0A1202849200ECE4BE /* CategoriesViewController.m in Sources */ = {isa = PBXBuildFile; fileRef = 4628BF081202849200ECE4BE /* CategoriesViewController.m */; };
		4628BF0B1202849200ECE4BE /* CategoriesView.xib in Resources */ = {isa = PBXBuildFile; fileRef = 4628BF091202849200ECE4BE /* CategoriesView.xib */; };
		4628BF0F120284A500ECE4BE /* SpiritsViewController.m in Sources */ = {isa = PBXBuildFile; fileRef = 4628BF0D120284A500ECE4BE /* SpiritsViewController.m */; };
		4628BF10120284A500ECE4BE /* SpiritsView.xib in Resources */ = {isa = PBXBuildFile; fileRef = 4628BF0E120284A500ECE4BE /* SpiritsView.xib */; };
		4628BF14120284BD00ECE4BE /* CampaignViewController.m in Sources */ = {isa = PBXBuildFile; fileRef = 4628BF12120284BD00ECE4BE /* CampaignViewController.m */; };
		4628BF15120284BD00ECE4BE /* CampaignView.xib in Resources */ = {isa = PBXBuildFile; fileRef = 4628BF13120284BD00ECE4BE /* CampaignView.xib */; };
		4628BF2912028A0200ECE4BE /* Category.m in Sources */ = {isa = PBXBuildFile; fileRef = 4628BF2812028A0200ECE4BE /* Category.m */; };
		4651F1121205099800A2079B /* JSONLoaderController.m in Sources */ = {isa = PBXBuildFile; fileRef = 4651F1111205099800A2079B /* JSONLoaderController.m */; };
		4651F3061205D30400A2079B /* SpiritDetailViewController.m in Sources */ = {isa = PBXBuildFile; fileRef = 4651F3051205D30400A2079B /* SpiritDetailViewController.m */; };
		4651F3081205D34900A2079B /* SpiritDetailView.xib in Resources */ = {isa = PBXBuildFile; fileRef = 4651F3071205D34900A2079B /* SpiritDetailView.xib */; };
		46710EB51209C7A100B250F9 /* MBProgressHUD.m in Sources */ = {isa = PBXBuildFile; fileRef = 46710EB41209C7A100B250F9 /* MBProgressHUD.m */; };
		4671108D120DAE5300B250F9 /* StoreList.m in Sources */ = {isa = PBXBuildFile; fileRef = 4671108B120DAE5300B250F9 /* StoreList.m */; };
		46711123120E02EC00B250F9 /* SpiritList.m in Sources */ = {isa = PBXBuildFile; fileRef = 46711122120E02EC00B250F9 /* SpiritList.m */; };
		467111CA120E120D00B250F9 /* Default.png in Resources */ = {isa = PBXBuildFile; fileRef = 467111C9120E120D00B250F9 /* Default.png */; };
		469B5F35120881E700A7E5DE /* StoreAnnotation.m in Sources */ = {isa = PBXBuildFile; fileRef = 469B5F34120881E700A7E5DE /* StoreAnnotation.m */; };
		469B5FD11208A92900A7E5DE /* CoreLocation.framework in Frameworks */ = {isa = PBXBuildFile; fileRef = 469B5FD01208A92800A7E5DE /* CoreLocation.framework */; };
		469B60961209205C00A7E5DE /* StoreListViewController.m in Sources */ = {isa = PBXBuildFile; fileRef = 469B60941209205C00A7E5DE /* StoreListViewController.m */; };
		469B60971209205C00A7E5DE /* StoreListView.xib in Resources */ = {isa = PBXBuildFile; fileRef = 469B60951209205C00A7E5DE /* StoreListView.xib */; };
		46E647EA12034DAB00AB9328 /* NSObject+SBJSON.m in Sources */ = {isa = PBXBuildFile; fileRef = 46E647DF12034DAB00AB9328 /* NSObject+SBJSON.m */; };
		46E647EB12034DAB00AB9328 /* NSString+SBJSON.m in Sources */ = {isa = PBXBuildFile; fileRef = 46E647E112034DAB00AB9328 /* NSString+SBJSON.m */; };
		46E647EC12034DAB00AB9328 /* SBJSON.m in Sources */ = {isa = PBXBuildFile; fileRef = 46E647E312034DAB00AB9328 /* SBJSON.m */; };
		46E647ED12034DAB00AB9328 /* SBJsonBase.m in Sources */ = {isa = PBXBuildFile; fileRef = 46E647E512034DAB00AB9328 /* SBJsonBase.m */; };
		46E647EE12034DAB00AB9328 /* SBJsonParser.m in Sources */ = {isa = PBXBuildFile; fileRef = 46E647E712034DAB00AB9328 /* SBJsonParser.m */; };
		46E647EF12034DAB00AB9328 /* SBJsonWriter.m in Sources */ = {isa = PBXBuildFile; fileRef = 46E647E912034DAB00AB9328 /* SBJsonWriter.m */; };
		46E64862120362C100AB9328 /* RootViewController.m in Sources */ = {isa = PBXBuildFile; fileRef = 46E64861120362C100AB9328 /* RootViewController.m */; };
		46E64865120374B700AB9328 /* RootView.xib in Resources */ = {isa = PBXBuildFile; fileRef = 46E64864120374B700AB9328 /* RootView.xib */; };
		46E649E01203D11A00AB9328 /* SpiritListViewController.m in Sources */ = {isa = PBXBuildFile; fileRef = 46E649DE1203D11A00AB9328 /* SpiritListViewController.m */; };
		46E649E11203D11A00AB9328 /* SpiritListView.xib in Resources */ = {isa = PBXBuildFile; fileRef = 46E649DF1203D11A00AB9328 /* SpiritListView.xib */; };
/* End PBXBuildFile section */

/* Begin PBXFileReference section */
		1D30AB110D05D00D00671497 /* Foundation.framework */ = {isa = PBXFileReference; lastKnownFileType = wrapper.framework; name = Foundation.framework; path = System/Library/Frameworks/Foundation.framework; sourceTree = SDKROOT; };
		1D3623240D0F684500981E51 /* LiquorLocatorAppDelegate.h */ = {isa = PBXFileReference; fileEncoding = 4; lastKnownFileType = sourcecode.c.h; path = LiquorLocatorAppDelegate.h; sourceTree = "<group>"; };
		1D3623250D0F684500981E51 /* LiquorLocatorAppDelegate.m */ = {isa = PBXFileReference; fileEncoding = 4; lastKnownFileType = sourcecode.c.objc; path = LiquorLocatorAppDelegate.m; sourceTree = "<group>"; };
		1D6058910D05DD3D006BFB54 /* LiquorLocator.app */ = {isa = PBXFileReference; explicitFileType = wrapper.application; includeInIndex = 0; path = LiquorLocator.app; sourceTree = BUILT_PRODUCTS_DIR; };
		1DF5F4DF0D08C38300B7A737 /* UIKit.framework */ = {isa = PBXFileReference; lastKnownFileType = wrapper.framework; name = UIKit.framework; path = System/Library/Frameworks/UIKit.framework; sourceTree = SDKROOT; };
		288765FC0DF74451002DB57D /* CoreGraphics.framework */ = {isa = PBXFileReference; lastKnownFileType = wrapper.framework; name = CoreGraphics.framework; path = System/Library/Frameworks/CoreGraphics.framework; sourceTree = SDKROOT; };
		28AD733E0D9D9553002E5188 /* MainWindow.xib */ = {isa = PBXFileReference; lastKnownFileType = file.xib; path = MainWindow.xib; sourceTree = "<group>"; };
		29B97316FDCFA39411CA2CEA /* main.m */ = {isa = PBXFileReference; fileEncoding = 4; lastKnownFileType = sourcecode.c.objc; path = main.m; sourceTree = "<group>"; };
		32CA4F630368D1EE00C91783 /* LiquorLocator_Prefix.pch */ = {isa = PBXFileReference; fileEncoding = 4; lastKnownFileType = sourcecode.c.h; path = LiquorLocator_Prefix.pch; sourceTree = "<group>"; };
		460A7EEA120767E200F36A91 /* StoreDetailViewController.h */ = {isa = PBXFileReference; fileEncoding = 4; lastKnownFileType = sourcecode.c.h; path = StoreDetailViewController.h; sourceTree = "<group>"; };
		460A7EEB120767E200F36A91 /* StoreDetailViewController.m */ = {isa = PBXFileReference; fileEncoding = 4; lastKnownFileType = sourcecode.c.objc; path = StoreDetailViewController.m; sourceTree = "<group>"; };
		460A7EEC120767E200F36A91 /* StoreDetailView.xib */ = {isa = PBXFileReference; lastKnownFileType = file.xib; name = StoreDetailView.xib; path = Classes/StoreDetailView.xib; sourceTree = "<group>"; };
		460A7FB2120779B100F36A91 /* MapKit.framework */ = {isa = PBXFileReference; lastKnownFileType = wrapper.framework; name = MapKit.framework; path = System/Library/Frameworks/MapKit.framework; sourceTree = SDKROOT; };
		4628BF021202846900ECE4BE /* StoresViewController.h */ = {isa = PBXFileReference; fileEncoding = 4; lastKnownFileType = sourcecode.c.h; path = StoresViewController.h; sourceTree = "<group>"; };
		4628BF031202846900ECE4BE /* StoresViewController.m */ = {isa = PBXFileReference; fileEncoding = 4; lastKnownFileType = sourcecode.c.objc; path = StoresViewController.m; sourceTree = "<group>"; };
		4628BF041202846900ECE4BE /* StoresView.xib */ = {isa = PBXFileReference; lastKnownFileType = file.xib; name = StoresView.xib; path = Classes/StoresView.xib; sourceTree = "<group>"; };
		4628BF071202849200ECE4BE /* CategoriesViewController.h */ = {isa = PBXFileReference; fileEncoding = 4; lastKnownFileType = sourcecode.c.h; path = CategoriesViewController.h; sourceTree = "<group>"; };
		4628BF081202849200ECE4BE /* CategoriesViewController.m */ = {isa = PBXFileReference; fileEncoding = 4; lastKnownFileType = sourcecode.c.objc; path = CategoriesViewController.m; sourceTree = "<group>"; };
		4628BF091202849200ECE4BE /* CategoriesView.xib */ = {isa = PBXFileReference; lastKnownFileType = file.xib; name = CategoriesView.xib; path = Classes/CategoriesView.xib; sourceTree = "<group>"; };
		4628BF0C120284A500ECE4BE /* SpiritsViewController.h */ = {isa = PBXFileReference; fileEncoding = 4; lastKnownFileType = sourcecode.c.h; path = SpiritsViewController.h; sourceTree = "<group>"; };
		4628BF0D120284A500ECE4BE /* SpiritsViewController.m */ = {isa = PBXFileReference; fileEncoding = 4; lastKnownFileType = sourcecode.c.objc; path = SpiritsViewController.m; sourceTree = "<group>"; };
		4628BF0E120284A500ECE4BE /* SpiritsView.xib */ = {isa = PBXFileReference; lastKnownFileType = file.xib; name = SpiritsView.xib; path = Classes/SpiritsView.xib; sourceTree = "<group>"; };
		4628BF11120284BD00ECE4BE /* CampaignViewController.h */ = {isa = PBXFileReference; fileEncoding = 4; lastKnownFileType = sourcecode.c.h; path = CampaignViewController.h; sourceTree = "<group>"; };
		4628BF12120284BD00ECE4BE /* CampaignViewController.m */ = {isa = PBXFileReference; fileEncoding = 4; lastKnownFileType = sourcecode.c.objc; path = CampaignViewController.m; sourceTree = "<group>"; };
		4628BF13120284BD00ECE4BE /* CampaignView.xib */ = {isa = PBXFileReference; lastKnownFileType = file.xib; name = CampaignView.xib; path = Classes/CampaignView.xib; sourceTree = "<group>"; };
		4628BF2712028A0200ECE4BE /* Category.h */ = {isa = PBXFileReference; fileEncoding = 4; lastKnownFileType = sourcecode.c.h; path = Category.h; sourceTree = "<group>"; };
		4628BF2812028A0200ECE4BE /* Category.m */ = {isa = PBXFileReference; fileEncoding = 4; lastKnownFileType = sourcecode.c.objc; path = Category.m; sourceTree = "<group>"; };
		4651F1101205099800A2079B /* JSONLoaderController.h */ = {isa = PBXFileReference; fileEncoding = 4; lastKnownFileType = sourcecode.c.h; path = JSONLoaderController.h; sourceTree = "<group>"; };
		4651F1111205099800A2079B /* JSONLoaderController.m */ = {isa = PBXFileReference; fileEncoding = 4; lastKnownFileType = sourcecode.c.objc; path = JSONLoaderController.m; sourceTree = "<group>"; };
		4651F3041205D30400A2079B /* SpiritDetailViewController.h */ = {isa = PBXFileReference; fileEncoding = 4; lastKnownFileType = sourcecode.c.h; path = SpiritDetailViewController.h; sourceTree = "<group>"; };
		4651F3051205D30400A2079B /* SpiritDetailViewController.m */ = {isa = PBXFileReference; fileEncoding = 4; lastKnownFileType = sourcecode.c.objc; path = SpiritDetailViewController.m; sourceTree = "<group>"; };
		4651F3071205D34900A2079B /* SpiritDetailView.xib */ = {isa = PBXFileReference; lastKnownFileType = file.xib; path = SpiritDetailView.xib; sourceTree = "<group>"; };
		46710EB31209C7A100B250F9 /* MBProgressHUD.h */ = {isa = PBXFileReference; fileEncoding = 4; lastKnownFileType = sourcecode.c.h; path = MBProgressHUD.h; sourceTree = "<group>"; };
		46710EB41209C7A100B250F9 /* MBProgressHUD.m */ = {isa = PBXFileReference; fileEncoding = 4; lastKnownFileType = sourcecode.c.objc; path = MBProgressHUD.m; sourceTree = "<group>"; };
		4671108A120DAE5300B250F9 /* StoreList.h */ = {isa = PBXFileReference; fileEncoding = 4; lastKnownFileType = sourcecode.c.h; path = StoreList.h; sourceTree = "<group>"; };
		4671108B120DAE5300B250F9 /* StoreList.m */ = {isa = PBXFileReference; fileEncoding = 4; lastKnownFileType = sourcecode.c.objc; path = StoreList.m; sourceTree = "<group>"; };
		46711121120E02EC00B250F9 /* SpiritList.h */ = {isa = PBXFileReference; fileEncoding = 4; lastKnownFileType = sourcecode.c.h; path = SpiritList.h; sourceTree = "<group>"; };
		46711122120E02EC00B250F9 /* SpiritList.m */ = {isa = PBXFileReference; fileEncoding = 4; lastKnownFileType = sourcecode.c.objc; path = SpiritList.m; sourceTree = "<group>"; };
		467111C9120E120D00B250F9 /* Default.png */ = {isa = PBXFileReference; lastKnownFileType = image.png; path = Default.png; sourceTree = "<group>"; };
		469B5F33120881E700A7E5DE /* StoreAnnotation.h */ = {isa = PBXFileReference; fileEncoding = 4; lastKnownFileType = sourcecode.c.h; path = StoreAnnotation.h; sourceTree = "<group>"; };
		469B5F34120881E700A7E5DE /* StoreAnnotation.m */ = {isa = PBXFileReference; fileEncoding = 4; lastKnownFileType = sourcecode.c.objc; path = StoreAnnotation.m; sourceTree = "<group>"; };
		469B5FD01208A92800A7E5DE /* CoreLocation.framework */ = {isa = PBXFileReference; lastKnownFileType = wrapper.framework; name = CoreLocation.framework; path = System/Library/Frameworks/CoreLocation.framework; sourceTree = SDKROOT; };
		469B60931209205C00A7E5DE /* StoreListViewController.h */ = {isa = PBXFileReference; fileEncoding = 4; lastKnownFileType = sourcecode.c.h; path = StoreListViewController.h; sourceTree = "<group>"; };
		469B60941209205C00A7E5DE /* StoreListViewController.m */ = {isa = PBXFileReference; fileEncoding = 4; lastKnownFileType = sourcecode.c.objc; path = StoreListViewController.m; sourceTree = "<group>"; };
		469B60951209205C00A7E5DE /* StoreListView.xib */ = {isa = PBXFileReference; lastKnownFileType = file.xib; name = StoreListView.xib; path = Classes/StoreListView.xib; sourceTree = "<group>"; };
		46E647DD12034DAB00AB9328 /* JSON.h */ = {isa = PBXFileReference; fileEncoding = 4; lastKnownFileType = sourcecode.c.h; path = JSON.h; sourceTree = "<group>"; };
		46E647DE12034DAB00AB9328 /* NSObject+SBJSON.h */ = {isa = PBXFileReference; fileEncoding = 4; lastKnownFileType = sourcecode.c.h; path = "NSObject+SBJSON.h"; sourceTree = "<group>"; };
		46E647DF12034DAB00AB9328 /* NSObject+SBJSON.m */ = {isa = PBXFileReference; fileEncoding = 4; lastKnownFileType = sourcecode.c.objc; path = "NSObject+SBJSON.m"; sourceTree = "<group>"; };
		46E647E012034DAB00AB9328 /* NSString+SBJSON.h */ = {isa = PBXFileReference; fileEncoding = 4; lastKnownFileType = sourcecode.c.h; path = "NSString+SBJSON.h"; sourceTree = "<group>"; };
		46E647E112034DAB00AB9328 /* NSString+SBJSON.m */ = {isa = PBXFileReference; fileEncoding = 4; lastKnownFileType = sourcecode.c.objc; path = "NSString+SBJSON.m"; sourceTree = "<group>"; };
		46E647E212034DAB00AB9328 /* SBJSON.h */ = {isa = PBXFileReference; fileEncoding = 4; lastKnownFileType = sourcecode.c.h; path = SBJSON.h; sourceTree = "<group>"; };
		46E647E312034DAB00AB9328 /* SBJSON.m */ = {isa = PBXFileReference; fileEncoding = 4; lastKnownFileType = sourcecode.c.objc; path = SBJSON.m; sourceTree = "<group>"; };
		46E647E412034DAB00AB9328 /* SBJsonBase.h */ = {isa = PBXFileReference; fileEncoding = 4; lastKnownFileType = sourcecode.c.h; path = SBJsonBase.h; sourceTree = "<group>"; };
		46E647E512034DAB00AB9328 /* SBJsonBase.m */ = {isa = PBXFileReference; fileEncoding = 4; lastKnownFileType = sourcecode.c.objc; path = SBJsonBase.m; sourceTree = "<group>"; };
		46E647E612034DAB00AB9328 /* SBJsonParser.h */ = {isa = PBXFileReference; fileEncoding = 4; lastKnownFileType = sourcecode.c.h; path = SBJsonParser.h; sourceTree = "<group>"; };
		46E647E712034DAB00AB9328 /* SBJsonParser.m */ = {isa = PBXFileReference; fileEncoding = 4; lastKnownFileType = sourcecode.c.objc; path = SBJsonParser.m; sourceTree = "<group>"; };
		46E647E812034DAB00AB9328 /* SBJsonWriter.h */ = {isa = PBXFileReference; fileEncoding = 4; lastKnownFileType = sourcecode.c.h; path = SBJsonWriter.h; sourceTree = "<group>"; };
		46E647E912034DAB00AB9328 /* SBJsonWriter.m */ = {isa = PBXFileReference; fileEncoding = 4; lastKnownFileType = sourcecode.c.objc; path = SBJsonWriter.m; sourceTree = "<group>"; };
		46E64860120362C100AB9328 /* RootViewController.h */ = {isa = PBXFileReference; fileEncoding = 4; lastKnownFileType = sourcecode.c.h; path = RootViewController.h; sourceTree = "<group>"; };
		46E64861120362C100AB9328 /* RootViewController.m */ = {isa = PBXFileReference; fileEncoding = 4; lastKnownFileType = sourcecode.c.objc; path = RootViewController.m; sourceTree = "<group>"; };
		46E64864120374B700AB9328 /* RootView.xib */ = {isa = PBXFileReference; lastKnownFileType = file.xib; path = RootView.xib; sourceTree = "<group>"; };
		46E649DD1203D11A00AB9328 /* SpiritListViewController.h */ = {isa = PBXFileReference; fileEncoding = 4; lastKnownFileType = sourcecode.c.h; path = SpiritListViewController.h; sourceTree = "<group>"; };
		46E649DE1203D11A00AB9328 /* SpiritListViewController.m */ = {isa = PBXFileReference; fileEncoding = 4; lastKnownFileType = sourcecode.c.objc; path = SpiritListViewController.m; sourceTree = "<group>"; };
		46E649DF1203D11A00AB9328 /* SpiritListView.xib */ = {isa = PBXFileReference; lastKnownFileType = file.xib; name = SpiritListView.xib; path = Classes/SpiritListView.xib; sourceTree = "<group>"; };
		8D1107310486CEB800E47090 /* LiquorLocator-Info.plist */ = {isa = PBXFileReference; fileEncoding = 4; lastKnownFileType = text.plist.xml; path = "LiquorLocator-Info.plist"; plistStructureDefinitionIdentifier = "com.apple.xcode.plist.structure-definition.iphone.info-plist"; sourceTree = "<group>"; };
/* End PBXFileReference section */

/* Begin PBXFrameworksBuildPhase section */
		1D60588F0D05DD3D006BFB54 /* Frameworks */ = {
			isa = PBXFrameworksBuildPhase;
			buildActionMask = 2147483647;
			files = (
				1D60589F0D05DD5A006BFB54 /* Foundation.framework in Frameworks */,
				1DF5F4E00D08C38300B7A737 /* UIKit.framework in Frameworks */,
				288765FD0DF74451002DB57D /* CoreGraphics.framework in Frameworks */,
				460A7FB3120779B100F36A91 /* MapKit.framework in Frameworks */,
				469B5FD11208A92900A7E5DE /* CoreLocation.framework in Frameworks */,
			);
			runOnlyForDeploymentPostprocessing = 0;
		};
/* End PBXFrameworksBuildPhase section */

/* Begin PBXGroup section */
		080E96DDFE201D6D7F000001 /* Classes */ = {
			isa = PBXGroup;
			children = (
				46710EB01209C78200B250F9 /* HUD */,
				469B5F2A120881B800A7E5DE /* Annotations */,
				46E647DC12034DAB00AB9328 /* JSON */,
				4628BF26120289DF00ECE4BE /* Models */,
				4628BF25120289C500ECE4BE /* Controllers */,
				1D3623240D0F684500981E51 /* LiquorLocatorAppDelegate.h */,
				1D3623250D0F684500981E51 /* LiquorLocatorAppDelegate.m */,
			);
			path = Classes;
			sourceTree = "<group>";
		};
		19C28FACFE9D520D11CA2CBB /* Products */ = {
			isa = PBXGroup;
			children = (
				1D6058910D05DD3D006BFB54 /* LiquorLocator.app */,
			);
			name = Products;
			sourceTree = "<group>";
		};
		29B97314FDCFA39411CA2CEA /* CustomTemplate */ = {
			isa = PBXGroup;
			children = (
				080E96DDFE201D6D7F000001 /* Classes */,
				29B97315FDCFA39411CA2CEA /* Other Sources */,
				29B97317FDCFA39411CA2CEA /* Resources */,
				29B97323FDCFA39411CA2CEA /* Frameworks */,
				19C28FACFE9D520D11CA2CBB /* Products */,
				460A7FB2120779B100F36A91 /* MapKit.framework */,
				469B5FD01208A92800A7E5DE /* CoreLocation.framework */,
			);
			name = CustomTemplate;
			sourceTree = "<group>";
		};
		29B97315FDCFA39411CA2CEA /* Other Sources */ = {
			isa = PBXGroup;
			children = (
				32CA4F630368D1EE00C91783 /* LiquorLocator_Prefix.pch */,
				29B97316FDCFA39411CA2CEA /* main.m */,
			);
			name = "Other Sources";
			sourceTree = "<group>";
		};
		29B97317FDCFA39411CA2CEA /* Resources */ = {
			isa = PBXGroup;
			children = (
				467111C9120E120D00B250F9 /* Default.png */,
				4628BF091202849200ECE4BE /* CategoriesView.xib */,
				4628BF041202846900ECE4BE /* StoresView.xib */,
				469B60951209205C00A7E5DE /* StoreListView.xib */,
				460A7EEC120767E200F36A91 /* StoreDetailView.xib */,
				4628BF0E120284A500ECE4BE /* SpiritsView.xib */,
				46E649DF1203D11A00AB9328 /* SpiritListView.xib */,
				4651F3071205D34900A2079B /* SpiritDetailView.xib */,
				4628BF13120284BD00ECE4BE /* CampaignView.xib */,
				28AD733E0D9D9553002E5188 /* MainWindow.xib */,
				8D1107310486CEB800E47090 /* LiquorLocator-Info.plist */,
				46E64864120374B700AB9328 /* RootView.xib */,
			);
			name = Resources;
			sourceTree = "<group>";
		};
		29B97323FDCFA39411CA2CEA /* Frameworks */ = {
			isa = PBXGroup;
			children = (
				1DF5F4DF0D08C38300B7A737 /* UIKit.framework */,
				1D30AB110D05D00D00671497 /* Foundation.framework */,
				288765FC0DF74451002DB57D /* CoreGraphics.framework */,
			);
			name = Frameworks;
			sourceTree = "<group>";
		};
		4628BF25120289C500ECE4BE /* Controllers */ = {
			isa = PBXGroup;
			children = (
				4628BF071202849200ECE4BE /* CategoriesViewController.h */,
				4628BF081202849200ECE4BE /* CategoriesViewController.m */,
				4628BF021202846900ECE4BE /* StoresViewController.h */,
				4628BF031202846900ECE4BE /* StoresViewController.m */,
				4628BF0C120284A500ECE4BE /* SpiritsViewController.h */,
				4628BF0D120284A500ECE4BE /* SpiritsViewController.m */,
				4628BF11120284BD00ECE4BE /* CampaignViewController.h */,
				4628BF12120284BD00ECE4BE /* CampaignViewController.m */,
				46E649DD1203D11A00AB9328 /* SpiritListViewController.h */,
				46E649DE1203D11A00AB9328 /* SpiritListViewController.m */,
				4651F3041205D30400A2079B /* SpiritDetailViewController.h */,
				4651F3051205D30400A2079B /* SpiritDetailViewController.m */,
				46E64860120362C100AB9328 /* RootViewController.h */,
				46E64861120362C100AB9328 /* RootViewController.m */,
				4651F1101205099800A2079B /* JSONLoaderController.h */,
				4651F1111205099800A2079B /* JSONLoaderController.m */,
				460A7EEA120767E200F36A91 /* StoreDetailViewController.h */,
				460A7EEB120767E200F36A91 /* StoreDetailViewController.m */,
				469B60931209205C00A7E5DE /* StoreListViewController.h */,
				469B60941209205C00A7E5DE /* StoreListViewController.m */,
				4671108A120DAE5300B250F9 /* StoreList.h */,
				4671108B120DAE5300B250F9 /* StoreList.m */,
				46711121120E02EC00B250F9 /* SpiritList.h */,
				46711122120E02EC00B250F9 /* SpiritList.m */,
			);
			name = Controllers;
			sourceTree = "<group>";
		};
		4628BF26120289DF00ECE4BE /* Models */ = {
			isa = PBXGroup;
			children = (
				4628BF2712028A0200ECE4BE /* Category.h */,
				4628BF2812028A0200ECE4BE /* Category.m */,
			);
			name = Models;
			sourceTree = "<group>";
		};
		46710EB01209C78200B250F9 /* HUD */ = {
			isa = PBXGroup;
			children = (
				46710EB31209C7A100B250F9 /* MBProgressHUD.h */,
				46710EB41209C7A100B250F9 /* MBProgressHUD.m */,
			);
			name = HUD;
			sourceTree = "<group>";
		};
		469B5F2A120881B800A7E5DE /* Annotations */ = {
			isa = PBXGroup;
			children = (
				469B5F33120881E700A7E5DE /* StoreAnnotation.h */,
				469B5F34120881E700A7E5DE /* StoreAnnotation.m */,
			);
			name = Annotations;
			path = ..;
			sourceTree = "<group>";
		};
		46E647DC12034DAB00AB9328 /* JSON */ = {
			isa = PBXGroup;
			children = (
				46E647DD12034DAB00AB9328 /* JSON.h */,
				46E647DE12034DAB00AB9328 /* NSObject+SBJSON.h */,
				46E647DF12034DAB00AB9328 /* NSObject+SBJSON.m */,
				46E647E012034DAB00AB9328 /* NSString+SBJSON.h */,
				46E647E112034DAB00AB9328 /* NSString+SBJSON.m */,
				46E647E212034DAB00AB9328 /* SBJSON.h */,
				46E647E312034DAB00AB9328 /* SBJSON.m */,
				46E647E412034DAB00AB9328 /* SBJsonBase.h */,
				46E647E512034DAB00AB9328 /* SBJsonBase.m */,
				46E647E612034DAB00AB9328 /* SBJsonParser.h */,
				46E647E712034DAB00AB9328 /* SBJsonParser.m */,
				46E647E812034DAB00AB9328 /* SBJsonWriter.h */,
				46E647E912034DAB00AB9328 /* SBJsonWriter.m */,
			);
			path = JSON;
			sourceTree = "<group>";
		};
/* End PBXGroup section */

/* Begin PBXNativeTarget section */
		1D6058900D05DD3D006BFB54 /* LiquorLocator */ = {
			isa = PBXNativeTarget;
			buildConfigurationList = 1D6058960D05DD3E006BFB54 /* Build configuration list for PBXNativeTarget "LiquorLocator" */;
			buildPhases = (
				1D60588D0D05DD3D006BFB54 /* Resources */,
				1D60588E0D05DD3D006BFB54 /* Sources */,
				1D60588F0D05DD3D006BFB54 /* Frameworks */,
			);
			buildRules = (
			);
			dependencies = (
			);
			name = LiquorLocator;
			productName = LiquorLocator;
			productReference = 1D6058910D05DD3D006BFB54 /* LiquorLocator.app */;
			productType = "com.apple.product-type.application";
		};
/* End PBXNativeTarget section */

/* Begin PBXProject section */
		29B97313FDCFA39411CA2CEA /* Project object */ = {
			isa = PBXProject;
			buildConfigurationList = C01FCF4E08A954540054247B /* Build configuration list for PBXProject "LiquorLocator" */;
			compatibilityVersion = "Xcode 3.2";
			hasScannedForEncodings = 1;
			mainGroup = 29B97314FDCFA39411CA2CEA /* CustomTemplate */;
			projectDirPath = "";
			projectRoot = "";
			targets = (
				1D6058900D05DD3D006BFB54 /* LiquorLocator */,
			);
		};
/* End PBXProject section */

/* Begin PBXResourcesBuildPhase section */
		1D60588D0D05DD3D006BFB54 /* Resources */ = {
			isa = PBXResourcesBuildPhase;
			buildActionMask = 2147483647;
			files = (
				28AD733F0D9D9553002E5188 /* MainWindow.xib in Resources */,
				4628BF061202846900ECE4BE /* StoresView.xib in Resources */,
				4628BF0B1202849200ECE4BE /* CategoriesView.xib in Resources */,
				4628BF10120284A500ECE4BE /* SpiritsView.xib in Resources */,
				4628BF15120284BD00ECE4BE /* CampaignView.xib in Resources */,
				46E64865120374B700AB9328 /* RootView.xib in Resources */,
				46E649E11203D11A00AB9328 /* SpiritListView.xib in Resources */,
				4651F3081205D34900A2079B /* SpiritDetailView.xib in Resources */,
				460A7EEE120767E200F36A91 /* StoreDetailView.xib in Resources */,
				469B60971209205C00A7E5DE /* StoreListView.xib in Resources */,
				467111CA120E120D00B250F9 /* Default.png in Resources */,
			);
			runOnlyForDeploymentPostprocessing = 0;
		};
/* End PBXResourcesBuildPhase section */

/* Begin PBXSourcesBuildPhase section */
		1D60588E0D05DD3D006BFB54 /* Sources */ = {
			isa = PBXSourcesBuildPhase;
			buildActionMask = 2147483647;
			files = (
				1D60589B0D05DD56006BFB54 /* main.m in Sources */,
				1D3623260D0F684500981E51 /* LiquorLocatorAppDelegate.m in Sources */,
				4628BF051202846900ECE4BE /* StoresViewController.m in Sources */,
				4628BF0A1202849200ECE4BE /* CategoriesViewController.m in Sources */,
				4628BF0F120284A500ECE4BE /* SpiritsViewController.m in Sources */,
				4628BF14120284BD00ECE4BE /* CampaignViewController.m in Sources */,
				4628BF2912028A0200ECE4BE /* Category.m in Sources */,
				46E647EA12034DAB00AB9328 /* NSObject+SBJSON.m in Sources */,
				46E647EB12034DAB00AB9328 /* NSString+SBJSON.m in Sources */,
				46E647EC12034DAB00AB9328 /* SBJSON.m in Sources */,
				46E647ED12034DAB00AB9328 /* SBJsonBase.m in Sources */,
				46E647EE12034DAB00AB9328 /* SBJsonParser.m in Sources */,
				46E647EF12034DAB00AB9328 /* SBJsonWriter.m in Sources */,
				46E64862120362C100AB9328 /* RootViewController.m in Sources */,
				46E649E01203D11A00AB9328 /* SpiritListViewController.m in Sources */,
				4651F1121205099800A2079B /* JSONLoaderController.m in Sources */,
				4651F3061205D30400A2079B /* SpiritDetailViewController.m in Sources */,
				460A7EED120767E200F36A91 /* StoreDetailViewController.m in Sources */,
				469B5F35120881E700A7E5DE /* StoreAnnotation.m in Sources */,
				469B60961209205C00A7E5DE /* StoreListViewController.m in Sources */,
				46710EB51209C7A100B250F9 /* MBProgressHUD.m in Sources */,
				4671108D120DAE5300B250F9 /* StoreList.m in Sources */,
				46711123120E02EC00B250F9 /* SpiritList.m in Sources */,
			);
			runOnlyForDeploymentPostprocessing = 0;
		};
/* End PBXSourcesBuildPhase section */

/* Begin XCBuildConfiguration section */
		1D6058940D05DD3E006BFB54 /* Debug */ = {
			isa = XCBuildConfiguration;
			buildSettings = {
				ALWAYS_SEARCH_USER_PATHS = NO;
				COPY_PHASE_STRIP = NO;
				GCC_DYNAMIC_NO_PIC = NO;
				GCC_OPTIMIZATION_LEVEL = 0;
				GCC_PRECOMPILE_PREFIX_HEADER = YES;
				GCC_PREFIX_HEADER = LiquorLocator_Prefix.pch;
				INFOPLIST_FILE = "LiquorLocator-Info.plist";
				PRODUCT_NAME = LiquorLocator;
			};
			name = Debug;
		};
		1D6058950D05DD3E006BFB54 /* Release */ = {
			isa = XCBuildConfiguration;
			buildSettings = {
				ALWAYS_SEARCH_USER_PATHS = NO;
				COPY_PHASE_STRIP = YES;
				GCC_PRECOMPILE_PREFIX_HEADER = YES;
				GCC_PREFIX_HEADER = LiquorLocator_Prefix.pch;
				INFOPLIST_FILE = "LiquorLocator-Info.plist";
				PRODUCT_NAME = LiquorLocator;
			};
			name = Release;
		};
		C01FCF4F08A954540054247B /* Debug */ = {
			isa = XCBuildConfiguration;
			buildSettings = {
				ARCHS = "$(ARCHS_STANDARD_32_BIT)";
				"CODE_SIGN_IDENTITY[sdk=iphoneos*]" = "iPhone Developer";
				GCC_C_LANGUAGE_STANDARD = c99;
				GCC_WARN_ABOUT_RETURN_TYPE = YES;
				GCC_WARN_UNUSED_VARIABLE = YES;
				PREBINDING = NO;
				SDKROOT = iphoneos4.0;
			};
			name = Debug;
		};
		C01FCF5008A954540054247B /* Release */ = {
			isa = XCBuildConfiguration;
			buildSettings = {
				ARCHS = "$(ARCHS_STANDARD_32_BIT)";
				"CODE_SIGN_IDENTITY[sdk=iphoneos*]" = "iPhone Developer";
				GCC_C_LANGUAGE_STANDARD = c99;
				GCC_WARN_ABOUT_RETURN_TYPE = YES;
				GCC_WARN_UNUSED_VARIABLE = YES;
				PREBINDING = NO;
				SDKROOT = iphoneos4.0;
			};
			name = Release;
		};
/* End XCBuildConfiguration section */

/* Begin XCConfigurationList section */
		1D6058960D05DD3E006BFB54 /* Build configuration list for PBXNativeTarget "LiquorLocator" */ = {
			isa = XCConfigurationList;
			buildConfigurations = (
				1D6058940D05DD3E006BFB54 /* Debug */,
				1D6058950D05DD3E006BFB54 /* Release */,
			);
			defaultConfigurationIsVisible = 0;
			defaultConfigurationName = Release;
		};
		C01FCF4E08A954540054247B /* Build configuration list for PBXProject "LiquorLocator" */ = {
			isa = XCConfigurationList;
			buildConfigurations = (
				C01FCF4F08A954540054247B /* Debug */,
				C01FCF5008A954540054247B /* Release */,
			);
			defaultConfigurationIsVisible = 0;
			defaultConfigurationName = Release;
		};
/* End XCConfigurationList section */
	};
	rootObject = 29B97313FDCFA39411CA2CEA /* Project object */;
}
